// !$*UTF8*$!
{
	archiveVersion = 1;
	classes = {
	};
	objectVersion = 56;
	objects = {

/* Begin PBXBuildFile section */
		394D789929CC34C0007F0A27 /* Kingfisher in Frameworks */ = {isa = PBXBuildFile; productRef = 394D789829CC34C0007F0A27 /* Kingfisher */; };
		39A0BAA829CA43030044A9AA /* AppDelegate.swift in Sources */ = {isa = PBXBuildFile; fileRef = 39A0BAA729CA43030044A9AA /* AppDelegate.swift */; };
		39A0BAAA29CA43030044A9AA /* SceneDelegate.swift in Sources */ = {isa = PBXBuildFile; fileRef = 39A0BAA929CA43030044A9AA /* SceneDelegate.swift */; };
		39A0BAAC29CA43030044A9AA /* MainVC.swift in Sources */ = {isa = PBXBuildFile; fileRef = 39A0BAAB29CA43030044A9AA /* MainVC.swift */; };
		39A0BAAF29CA43030044A9AA /* Main.storyboard in Resources */ = {isa = PBXBuildFile; fileRef = 39A0BAAD29CA43030044A9AA /* Main.storyboard */; };
		39A0BAB129CA43040044A9AA /* Assets.xcassets in Resources */ = {isa = PBXBuildFile; fileRef = 39A0BAB029CA43040044A9AA /* Assets.xcassets */; };
		39A0BAB429CA43040044A9AA /* LaunchScreen.storyboard in Resources */ = {isa = PBXBuildFile; fileRef = 39A0BAB229CA43040044A9AA /* LaunchScreen.storyboard */; };
		39A0BABC29CA44330044A9AA /* DetailVC.swift in Sources */ = {isa = PBXBuildFile; fileRef = 39A0BABB29CA44330044A9AA /* DetailVC.swift */; };
		39A0BABF29CAD39C0044A9AA /* NetworkManager.swift in Sources */ = {isa = PBXBuildFile; fileRef = 39A0BABE29CAD39C0044A9AA /* NetworkManager.swift */; };
		39A0BAC129CAD3B50044A9AA /* APIURLs.swift in Sources */ = {isa = PBXBuildFile; fileRef = 39A0BAC029CAD3B50044A9AA /* APIURLs.swift */; };
		39A0BAC429CAD48D0044A9AA /* UITableView+Ext.swift in Sources */ = {isa = PBXBuildFile; fileRef = 39A0BAC329CAD48D0044A9AA /* UITableView+Ext.swift */; };
		39A0BACA29CAD9460044A9AA /* PokemonService.swift in Sources */ = {isa = PBXBuildFile; fileRef = 39A0BAC929CAD9460044A9AA /* PokemonService.swift */; };
		39A0BAD629CADBD90044A9AA /* PokemonResponseModel.swift in Sources */ = {isa = PBXBuildFile; fileRef = 39A0BAD529CADBD90044A9AA /* PokemonResponseModel.swift */; };
		39A0BAD829CADC410044A9AA /* MainViewModel.swift in Sources */ = {isa = PBXBuildFile; fileRef = 39A0BAD729CADC410044A9AA /* MainViewModel.swift */; };
		39A0BADA29CADC720044A9AA /* PokemonDetailModel.swift in Sources */ = {isa = PBXBuildFile; fileRef = 39A0BAD929CADC720044A9AA /* PokemonDetailModel.swift */; };
		39A0BADF29CAF13D0044A9AA /* PokemonListTableViewCell.swift in Sources */ = {isa = PBXBuildFile; fileRef = 39A0BADD29CAF13D0044A9AA /* PokemonListTableViewCell.swift */; };
		39A0BAE029CAF13D0044A9AA /* PokemonListTableViewCell.xib in Resources */ = {isa = PBXBuildFile; fileRef = 39A0BADE29CAF13D0044A9AA /* PokemonListTableViewCell.xib */; };
/* End PBXBuildFile section */

/* Begin PBXFileReference section */
		39A0BAA429CA43030044A9AA /* PokemonApp.app */ = {isa = PBXFileReference; explicitFileType = wrapper.application; includeInIndex = 0; path = PokemonApp.app; sourceTree = BUILT_PRODUCTS_DIR; };
		39A0BAA729CA43030044A9AA /* AppDelegate.swift */ = {isa = PBXFileReference; lastKnownFileType = sourcecode.swift; path = AppDelegate.swift; sourceTree = "<group>"; };
		39A0BAA929CA43030044A9AA /* SceneDelegate.swift */ = {isa = PBXFileReference; lastKnownFileType = sourcecode.swift; path = SceneDelegate.swift; sourceTree = "<group>"; };
		39A0BAAB29CA43030044A9AA /* MainVC.swift */ = {isa = PBXFileReference; lastKnownFileType = sourcecode.swift; path = MainVC.swift; sourceTree = "<group>"; };
		39A0BAAE29CA43030044A9AA /* Base */ = {isa = PBXFileReference; lastKnownFileType = file.storyboard; name = Base; path = Base.lproj/Main.storyboard; sourceTree = "<group>"; };
		39A0BAB029CA43040044A9AA /* Assets.xcassets */ = {isa = PBXFileReference; lastKnownFileType = folder.assetcatalog; path = Assets.xcassets; sourceTree = "<group>"; };
		39A0BAB329CA43040044A9AA /* Base */ = {isa = PBXFileReference; lastKnownFileType = file.storyboard; name = Base; path = Base.lproj/LaunchScreen.storyboard; sourceTree = "<group>"; };
		39A0BAB529CA43040044A9AA /* Info.plist */ = {isa = PBXFileReference; lastKnownFileType = text.plist.xml; path = Info.plist; sourceTree = "<group>"; };
		39A0BABB29CA44330044A9AA /* DetailVC.swift */ = {isa = PBXFileReference; lastKnownFileType = sourcecode.swift; path = DetailVC.swift; sourceTree = "<group>"; };
		39A0BABE29CAD39C0044A9AA /* NetworkManager.swift */ = {isa = PBXFileReference; lastKnownFileType = sourcecode.swift; path = NetworkManager.swift; sourceTree = "<group>"; };
		39A0BAC029CAD3B50044A9AA /* APIURLs.swift */ = {isa = PBXFileReference; lastKnownFileType = sourcecode.swift; path = APIURLs.swift; sourceTree = "<group>"; };
		39A0BAC329CAD48D0044A9AA /* UITableView+Ext.swift */ = {isa = PBXFileReference; lastKnownFileType = sourcecode.swift; path = "UITableView+Ext.swift"; sourceTree = "<group>"; };
		39A0BAC929CAD9460044A9AA /* PokemonService.swift */ = {isa = PBXFileReference; lastKnownFileType = sourcecode.swift; path = PokemonService.swift; sourceTree = "<group>"; };
		39A0BAD529CADBD90044A9AA /* PokemonResponseModel.swift */ = {isa = PBXFileReference; lastKnownFileType = sourcecode.swift; path = PokemonResponseModel.swift; sourceTree = "<group>"; };
		39A0BAD729CADC410044A9AA /* MainViewModel.swift */ = {isa = PBXFileReference; lastKnownFileType = sourcecode.swift; path = MainViewModel.swift; sourceTree = "<group>"; };
		39A0BAD929CADC720044A9AA /* PokemonDetailModel.swift */ = {isa = PBXFileReference; lastKnownFileType = sourcecode.swift; path = PokemonDetailModel.swift; sourceTree = "<group>"; };
		39A0BADD29CAF13D0044A9AA /* PokemonListTableViewCell.swift */ = {isa = PBXFileReference; lastKnownFileType = sourcecode.swift; path = PokemonListTableViewCell.swift; sourceTree = "<group>"; };
		39A0BADE29CAF13D0044A9AA /* PokemonListTableViewCell.xib */ = {isa = PBXFileReference; lastKnownFileType = file.xib; path = PokemonListTableViewCell.xib; sourceTree = "<group>"; };
/* End PBXFileReference section */

/* Begin PBXFrameworksBuildPhase section */
		39A0BAA129CA43030044A9AA /* Frameworks */ = {
			isa = PBXFrameworksBuildPhase;
			buildActionMask = 2147483647;
			files = (
				394D789929CC34C0007F0A27 /* Kingfisher in Frameworks */,
			);
			runOnlyForDeploymentPostprocessing = 0;
		};
/* End PBXFrameworksBuildPhase section */

/* Begin PBXGroup section */
		39A0BA9B29CA43030044A9AA = {
			isa = PBXGroup;
			children = (
				39A0BAA629CA43030044A9AA /* PokemonApp */,
				39A0BAA529CA43030044A9AA /* Products */,
			);
			sourceTree = "<group>";
		};
		39A0BAA529CA43030044A9AA /* Products */ = {
			isa = PBXGroup;
			children = (
				39A0BAA429CA43030044A9AA /* PokemonApp.app */,
			);
			name = Products;
			sourceTree = "<group>";
		};
		39A0BAA629CA43030044A9AA /* PokemonApp */ = {
			isa = PBXGroup;
			children = (
				39A0BAC829CAD9210044A9AA /* PokemonService */,
				39A0BAC229CAD41D0044A9AA /* Extensions */,
				39A0BABD29CAD3550044A9AA /* Utillities */,
				39A0BAA729CA43030044A9AA /* AppDelegate.swift */,
				39A0BAA929CA43030044A9AA /* SceneDelegate.swift */,
				39A0BACB29CAD9720044A9AA /* Scene */,
				39A0BAAD29CA43030044A9AA /* Main.storyboard */,
				39A0BAB029CA43040044A9AA /* Assets.xcassets */,
				39A0BAB229CA43040044A9AA /* LaunchScreen.storyboard */,
				39A0BAB529CA43040044A9AA /* Info.plist */,
				39A0BADD29CAF13D0044A9AA /* PokemonListTableViewCell.swift */,
				39A0BADE29CAF13D0044A9AA /* PokemonListTableViewCell.xib */,
			);
			path = PokemonApp;
			sourceTree = "<group>";
		};
		39A0BABD29CAD3550044A9AA /* Utillities */ = {
			isa = PBXGroup;
			children = (
				39A0BABE29CAD39C0044A9AA /* NetworkManager.swift */,
				39A0BAC029CAD3B50044A9AA /* APIURLs.swift */,
			);
			path = Utillities;
			sourceTree = "<group>";
		};
		39A0BAC229CAD41D0044A9AA /* Extensions */ = {
			isa = PBXGroup;
			children = (
				39A0BAC329CAD48D0044A9AA /* UITableView+Ext.swift */,
			);
			path = Extensions;
			sourceTree = "<group>";
		};
		39A0BAC829CAD9210044A9AA /* PokemonService */ = {
			isa = PBXGroup;
			children = (
				39A0BAC929CAD9460044A9AA /* PokemonService.swift */,
			);
			path = PokemonService;
			sourceTree = "<group>";
		};
		39A0BACB29CAD9720044A9AA /* Scene */ = {
			isa = PBXGroup;
			children = (
				39A0BACC29CADA060044A9AA /* Main */,
				39A0BACD29CADA100044A9AA /* Detail */,
			);
			path = Scene;
			sourceTree = "<group>";
		};
		39A0BACC29CADA060044A9AA /* Main */ = {
			isa = PBXGroup;
			children = (
				39A0BACF29CADA580044A9AA /* Model */,
				39A0BAD129CADABF0044A9AA /* ViewModel */,
				39A0BACE29CADA410044A9AA /* Controller */,
			);
			path = Main;
			sourceTree = "<group>";
		};
		39A0BACD29CADA100044A9AA /* Detail */ = {
			isa = PBXGroup;
			children = (
				39A0BAD229CADB190044A9AA /* Model */,
				39A0BAD429CADB400044A9AA /* Controller */,
			);
			path = Detail;
			sourceTree = "<group>";
		};
		39A0BACE29CADA410044A9AA /* Controller */ = {
			isa = PBXGroup;
			children = (
				39A0BAAB29CA43030044A9AA /* MainVC.swift */,
			);
			path = Controller;
			sourceTree = "<group>";
		};
		39A0BACF29CADA580044A9AA /* Model */ = {
			isa = PBXGroup;
			children = (
				39A0BAD529CADBD90044A9AA /* PokemonResponseModel.swift */,
			);
			path = Model;
			sourceTree = "<group>";
		};
		39A0BAD129CADABF0044A9AA /* ViewModel */ = {
			isa = PBXGroup;
			children = (
				39A0BAD729CADC410044A9AA /* MainViewModel.swift */,
			);
			path = ViewModel;
			sourceTree = "<group>";
		};
		39A0BAD229CADB190044A9AA /* Model */ = {
			isa = PBXGroup;
			children = (
				39A0BAD929CADC720044A9AA /* PokemonDetailModel.swift */,
			);
			path = Model;
			sourceTree = "<group>";
		};
		39A0BAD429CADB400044A9AA /* Controller */ = {
			isa = PBXGroup;
			children = (
				39A0BABB29CA44330044A9AA /* DetailVC.swift */,
			);
			path = Controller;
			sourceTree = "<group>";
		};
/* End PBXGroup section */

/* Begin PBXNativeTarget section */
		39A0BAA329CA43030044A9AA /* PokemonApp */ = {
			isa = PBXNativeTarget;
			buildConfigurationList = 39A0BAB829CA43040044A9AA /* Build configuration list for PBXNativeTarget "PokemonApp" */;
			buildPhases = (
				39A0BAA029CA43030044A9AA /* Sources */,
				39A0BAA129CA43030044A9AA /* Frameworks */,
				39A0BAA229CA43030044A9AA /* Resources */,
			);
			buildRules = (
			);
			dependencies = (
			);
			name = PokemonApp;
			packageProductDependencies = (
				394D789829CC34C0007F0A27 /* Kingfisher */,
			);
			productName = PokemonApp;
			productReference = 39A0BAA429CA43030044A9AA /* PokemonApp.app */;
			productType = "com.apple.product-type.application";
		};
/* End PBXNativeTarget section */

/* Begin PBXProject section */
		39A0BA9C29CA43030044A9AA /* Project object */ = {
			isa = PBXProject;
			attributes = {
				BuildIndependentTargetsInParallel = 1;
				LastSwiftUpdateCheck = 1420;
				LastUpgradeCheck = 1420;
				TargetAttributes = {
					39A0BAA329CA43030044A9AA = {
						CreatedOnToolsVersion = 14.2;
					};
				};
			};
			buildConfigurationList = 39A0BA9F29CA43030044A9AA /* Build configuration list for PBXProject "PokemonApp" */;
			compatibilityVersion = "Xcode 14.0";
			developmentRegion = en;
			hasScannedForEncodings = 0;
			knownRegions = (
				en,
				Base,
			);
			mainGroup = 39A0BA9B29CA43030044A9AA;
			packageReferences = (
				394D789729CC34C0007F0A27 /* XCRemoteSwiftPackageReference "Kingfisher" */,
			);
			productRefGroup = 39A0BAA529CA43030044A9AA /* Products */;
			projectDirPath = "";
			projectRoot = "";
			targets = (
				39A0BAA329CA43030044A9AA /* PokemonApp */,
			);
		};
/* End PBXProject section */

/* Begin PBXResourcesBuildPhase section */
		39A0BAA229CA43030044A9AA /* Resources */ = {
			isa = PBXResourcesBuildPhase;
			buildActionMask = 2147483647;
			files = (
				39A0BAB429CA43040044A9AA /* LaunchScreen.storyboard in Resources */,
				39A0BAE029CAF13D0044A9AA /* PokemonListTableViewCell.xib in Resources */,
				39A0BAB129CA43040044A9AA /* Assets.xcassets in Resources */,
				39A0BAAF29CA43030044A9AA /* Main.storyboard in Resources */,
			);
			runOnlyForDeploymentPostprocessing = 0;
		};
/* End PBXResourcesBuildPhase section */

/* Begin PBXSourcesBuildPhase section */
		39A0BAA029CA43030044A9AA /* Sources */ = {
			isa = PBXSourcesBuildPhase;
			buildActionMask = 2147483647;
			files = (
				39A0BAAC29CA43030044A9AA /* MainVC.swift in Sources */,
				39A0BADA29CADC720044A9AA /* PokemonDetailModel.swift in Sources */,
				39A0BACA29CAD9460044A9AA /* PokemonService.swift in Sources */,
				39A0BAA829CA43030044A9AA /* AppDelegate.swift in Sources */,
				39A0BABF29CAD39C0044A9AA /* NetworkManager.swift in Sources */,
				39A0BAAA29CA43030044A9AA /* SceneDelegate.swift in Sources */,
				39A0BAD829CADC410044A9AA /* MainViewModel.swift in Sources */,
				39A0BADF29CAF13D0044A9AA /* PokemonListTableViewCell.swift in Sources */,
				39A0BAD629CADBD90044A9AA /* PokemonResponseModel.swift in Sources */,
				39A0BAC429CAD48D0044A9AA /* UITableView+Ext.swift in Sources */,
				39A0BAC129CAD3B50044A9AA /* APIURLs.swift in Sources */,
				39A0BABC29CA44330044A9AA /* DetailVC.swift in Sources */,
			);
			runOnlyForDeploymentPostprocessing = 0;
		};
/* End PBXSourcesBuildPhase section */

/* Begin PBXVariantGroup section */
		39A0BAAD29CA43030044A9AA /* Main.storyboard */ = {
			isa = PBXVariantGroup;
			children = (
				39A0BAAE29CA43030044A9AA /* Base */,
			);
			name = Main.storyboard;
			sourceTree = "<group>";
		};
		39A0BAB229CA43040044A9AA /* LaunchScreen.storyboard */ = {
			isa = PBXVariantGroup;
			children = (
				39A0BAB329CA43040044A9AA /* Base */,
			);
			name = LaunchScreen.storyboard;
			sourceTree = "<group>";
		};
/* End PBXVariantGroup section */

/* Begin XCBuildConfiguration section */
		39A0BAB629CA43040044A9AA /* Debug */ = {
			isa = XCBuildConfiguration;
			buildSettings = {
				ALWAYS_SEARCH_USER_PATHS = NO;
				CLANG_ANALYZER_NONNULL = YES;
				CLANG_ANALYZER_NUMBER_OBJECT_CONVERSION = YES_AGGRESSIVE;
				CLANG_CXX_LANGUAGE_STANDARD = "gnu++20";
				CLANG_ENABLE_MODULES = YES;
				CLANG_ENABLE_OBJC_ARC = YES;
				CLANG_ENABLE_OBJC_WEAK = YES;
				CLANG_WARN_BLOCK_CAPTURE_AUTORELEASING = YES;
				CLANG_WARN_BOOL_CONVERSION = YES;
				CLANG_WARN_COMMA = YES;
				CLANG_WARN_CONSTANT_CONVERSION = YES;
				CLANG_WARN_DEPRECATED_OBJC_IMPLEMENTATIONS = YES;
				CLANG_WARN_DIRECT_OBJC_ISA_USAGE = YES_ERROR;
				CLANG_WARN_DOCUMENTATION_COMMENTS = YES;
				CLANG_WARN_EMPTY_BODY = YES;
				CLANG_WARN_ENUM_CONVERSION = YES;
				CLANG_WARN_INFINITE_RECURSION = YES;
				CLANG_WARN_INT_CONVERSION = YES;
				CLANG_WARN_NON_LITERAL_NULL_CONVERSION = YES;
				CLANG_WARN_OBJC_IMPLICIT_RETAIN_SELF = YES;
				CLANG_WARN_OBJC_LITERAL_CONVERSION = YES;
				CLANG_WARN_OBJC_ROOT_CLASS = YES_ERROR;
				CLANG_WARN_QUOTED_INCLUDE_IN_FRAMEWORK_HEADER = YES;
				CLANG_WARN_RANGE_LOOP_ANALYSIS = YES;
				CLANG_WARN_STRICT_PROTOTYPES = YES;
				CLANG_WARN_SUSPICIOUS_MOVE = YES;
				CLANG_WARN_UNGUARDED_AVAILABILITY = YES_AGGRESSIVE;
				CLANG_WARN_UNREACHABLE_CODE = YES;
				CLANG_WARN__DUPLICATE_METHOD_MATCH = YES;
				COPY_PHASE_STRIP = NO;
				DEBUG_INFORMATION_FORMAT = dwarf;
				ENABLE_STRICT_OBJC_MSGSEND = YES;
				ENABLE_TESTABILITY = YES;
				GCC_C_LANGUAGE_STANDARD = gnu11;
				GCC_DYNAMIC_NO_PIC = NO;
				GCC_NO_COMMON_BLOCKS = YES;
				GCC_OPTIMIZATION_LEVEL = 0;
				GCC_PREPROCESSOR_DEFINITIONS = (
					"DEBUG=1",
					"$(inherited)",
				);
				GCC_WARN_64_TO_32_BIT_CONVERSION = YES;
				GCC_WARN_ABOUT_RETURN_TYPE = YES_ERROR;
				GCC_WARN_UNDECLARED_SELECTOR = YES;
				GCC_WARN_UNINITIALIZED_AUTOS = YES_AGGRESSIVE;
				GCC_WARN_UNUSED_FUNCTION = YES;
				GCC_WARN_UNUSED_VARIABLE = YES;
				IPHONEOS_DEPLOYMENT_TARGET = 16.2;
				MTL_ENABLE_DEBUG_INFO = INCLUDE_SOURCE;
				MTL_FAST_MATH = YES;
				ONLY_ACTIVE_ARCH = YES;
				SDKROOT = iphoneos;
				SWIFT_ACTIVE_COMPILATION_CONDITIONS = DEBUG;
				SWIFT_OPTIMIZATION_LEVEL = "-Onone";
			};
			name = Debug;
		};
		39A0BAB729CA43040044A9AA /* Release */ = {
			isa = XCBuildConfiguration;
			buildSettings = {
				ALWAYS_SEARCH_USER_PATHS = NO;
				CLANG_ANALYZER_NONNULL = YES;
				CLANG_ANALYZER_NUMBER_OBJECT_CONVERSION = YES_AGGRESSIVE;
				CLANG_CXX_LANGUAGE_STANDARD = "gnu++20";
				CLANG_ENABLE_MODULES = YES;
				CLANG_ENABLE_OBJC_ARC = YES;
				CLANG_ENABLE_OBJC_WEAK = YES;
				CLANG_WARN_BLOCK_CAPTURE_AUTORELEASING = YES;
				CLANG_WARN_BOOL_CONVERSION = YES;
				CLANG_WARN_COMMA = YES;
				CLANG_WARN_CONSTANT_CONVERSION = YES;
				CLANG_WARN_DEPRECATED_OBJC_IMPLEMENTATIONS = YES;
				CLANG_WARN_DIRECT_OBJC_ISA_USAGE = YES_ERROR;
				CLANG_WARN_DOCUMENTATION_COMMENTS = YES;
				CLANG_WARN_EMPTY_BODY = YES;
				CLANG_WARN_ENUM_CONVERSION = YES;
				CLANG_WARN_INFINITE_RECURSION = YES;
				CLANG_WARN_INT_CONVERSION = YES;
				CLANG_WARN_NON_LITERAL_NULL_CONVERSION = YES;
				CLANG_WARN_OBJC_IMPLICIT_RETAIN_SELF = YES;
				CLANG_WARN_OBJC_LITERAL_CONVERSION = YES;
				CLANG_WARN_OBJC_ROOT_CLASS = YES_ERROR;
				CLANG_WARN_QUOTED_INCLUDE_IN_FRAMEWORK_HEADER = YES;
				CLANG_WARN_RANGE_LOOP_ANALYSIS = YES;
				CLANG_WARN_STRICT_PROTOTYPES = YES;
				CLANG_WARN_SUSPICIOUS_MOVE = YES;
				CLANG_WARN_UNGUARDED_AVAILABILITY = YES_AGGRESSIVE;
				CLANG_WARN_UNREACHABLE_CODE = YES;
				CLANG_WARN__DUPLICATE_METHOD_MATCH = YES;
				COPY_PHASE_STRIP = NO;
				DEBUG_INFORMATION_FORMAT = "dwarf-with-dsym";
				ENABLE_NS_ASSERTIONS = NO;
				ENABLE_STRICT_OBJC_MSGSEND = YES;
				GCC_C_LANGUAGE_STANDARD = gnu11;
				GCC_NO_COMMON_BLOCKS = YES;
				GCC_WARN_64_TO_32_BIT_CONVERSION = YES;
				GCC_WARN_ABOUT_RETURN_TYPE = YES_ERROR;
				GCC_WARN_UNDECLARED_SELECTOR = YES;
				GCC_WARN_UNINITIALIZED_AUTOS = YES_AGGRESSIVE;
				GCC_WARN_UNUSED_FUNCTION = YES;
				GCC_WARN_UNUSED_VARIABLE = YES;
				IPHONEOS_DEPLOYMENT_TARGET = 16.2;
				MTL_ENABLE_DEBUG_INFO = NO;
				MTL_FAST_MATH = YES;
				SDKROOT = iphoneos;
				SWIFT_COMPILATION_MODE = wholemodule;
				SWIFT_OPTIMIZATION_LEVEL = "-O";
				VALIDATE_PRODUCT = YES;
			};
			name = Release;
		};
		39A0BAB929CA43040044A9AA /* Debug */ = {
			isa = XCBuildConfiguration;
			buildSettings = {
				ASSETCATALOG_COMPILER_APPICON_NAME = AppIcon;
				ASSETCATALOG_COMPILER_GLOBAL_ACCENT_COLOR_NAME = AccentColor;
				CODE_SIGN_STYLE = Automatic;
				CURRENT_PROJECT_VERSION = 1;
				GENERATE_INFOPLIST_FILE = YES;
				INFOPLIST_FILE = PokemonApp/Info.plist;
				INFOPLIST_KEY_UIApplicationSupportsIndirectInputEvents = YES;
				INFOPLIST_KEY_UILaunchStoryboardName = LaunchScreen;
				INFOPLIST_KEY_UIMainStoryboardFile = Main;
				INFOPLIST_KEY_UISupportedInterfaceOrientations_iPad = "UIInterfaceOrientationPortrait UIInterfaceOrientationPortraitUpsideDown UIInterfaceOrientationLandscapeLeft UIInterfaceOrientationLandscapeRight";
				INFOPLIST_KEY_UISupportedInterfaceOrientations_iPhone = "UIInterfaceOrientationPortrait UIInterfaceOrientationLandscapeLeft UIInterfaceOrientationLandscapeRight";
				LD_RUNPATH_SEARCH_PATHS = (
					"$(inherited)",
					"@executable_path/Frameworks",
				);
				MARKETING_VERSION = 1.0;
				PRODUCT_BUNDLE_IDENTIFIER = erdalkeser.PokemonApp;
				PRODUCT_NAME = "$(TARGET_NAME)";
				SWIFT_EMIT_LOC_STRINGS = YES;
				SWIFT_VERSION = 5.0;
				TARGETED_DEVICE_FAMILY = "1,2";
			};
			name = Debug;
		};
		39A0BABA29CA43040044A9AA /* Release */ = {
			isa = XCBuildConfiguration;
			buildSettings = {
				ASSETCATALOG_COMPILER_APPICON_NAME = AppIcon;
				ASSETCATALOG_COMPILER_GLOBAL_ACCENT_COLOR_NAME = AccentColor;
				CODE_SIGN_STYLE = Automatic;
				CURRENT_PROJECT_VERSION = 1;
				GENERATE_INFOPLIST_FILE = YES;
				INFOPLIST_FILE = PokemonApp/Info.plist;
				INFOPLIST_KEY_UIApplicationSupportsIndirectInputEvents = YES;
				INFOPLIST_KEY_UILaunchStoryboardName = LaunchScreen;
				INFOPLIST_KEY_UIMainStoryboardFile = Main;
				INFOPLIST_KEY_UISupportedInterfaceOrientations_iPad = "UIInterfaceOrientationPortrait UIInterfaceOrientationPortraitUpsideDown UIInterfaceOrientationLandscapeLeft UIInterfaceOrientationLandscapeRight";
				INFOPLIST_KEY_UISupportedInterfaceOrientations_iPhone = "UIInterfaceOrientationPortrait UIInterfaceOrientationLandscapeLeft UIInterfaceOrientationLandscapeRight";
				LD_RUNPATH_SEARCH_PATHS = (
					"$(inherited)",
					"@executable_path/Frameworks",
				);
				MARKETING_VERSION = 1.0;
				PRODUCT_BUNDLE_IDENTIFIER = erdalkeser.PokemonApp;
				PRODUCT_NAME = "$(TARGET_NAME)";
				SWIFT_EMIT_LOC_STRINGS = YES;
				SWIFT_VERSION = 5.0;
				TARGETED_DEVICE_FAMILY = "1,2";
			};
			name = Release;
		};
/* End XCBuildConfiguration section */

/* Begin XCConfigurationList section */
		39A0BA9F29CA43030044A9AA /* Build configuration list for PBXProject "PokemonApp" */ = {
			isa = XCConfigurationList;
			buildConfigurations = (
				39A0BAB629CA43040044A9AA /* Debug */,
				39A0BAB729CA43040044A9AA /* Release */,
			);
			defaultConfigurationIsVisible = 0;
			defaultConfigurationName = Release;
		};
		39A0BAB829CA43040044A9AA /* Build configuration list for PBXNativeTarget "PokemonApp" */ = {
			isa = XCConfigurationList;
			buildConfigurations = (
				39A0BAB929CA43040044A9AA /* Debug */,
				39A0BABA29CA43040044A9AA /* Release */,
			);
			defaultConfigurationIsVisible = 0;
			defaultConfigurationName = Release;
		};
/* End XCConfigurationList section */

/* Begin XCRemoteSwiftPackageReference section */
		394D789729CC34C0007F0A27 /* XCRemoteSwiftPackageReference "Kingfisher" */ = {
			isa = XCRemoteSwiftPackageReference;
			repositoryURL = "https://github.com/onevcat/Kingfisher.git";
			requirement = {
				kind = upToNextMajorVersion;
				minimumVersion = 7.0.0;
			};
		};
/* End XCRemoteSwiftPackageReference section */

/* Begin XCSwiftPackageProductDependency section */
		394D789829CC34C0007F0A27 /* Kingfisher */ = {
			isa = XCSwiftPackageProductDependency;
			package = 394D789729CC34C0007F0A27 /* XCRemoteSwiftPackageReference "Kingfisher" */;
			productName = Kingfisher;
		};
/* End XCSwiftPackageProductDependency section */
	};
	rootObject = 39A0BA9C29CA43030044A9AA /* Project object */;
}
